
Microsoft Visual Studio Solution File, Format Version 12.00
# Visual Studio 15
VisualStudioVersion = 15.0.28010.2048
MinimumVisualStudioVersion = 10.0.40219.1
Project("{FAE04EC0-301F-11D3-BF4B-00C04F79EFBC}") = "Domain", "Domain\Domain.csproj", "{D5C24314-1F26-475F-BBD0-721E78F00C42}"
EndProject
Project("{FAE04EC0-301F-11D3-BF4B-00C04F79EFBC}") = "UnitTests", "UnitTests\UnitTests.csproj", "{11724842-5DD4-4AEA-B141-8AEB29F13009}"
EndProject
Project("{FAE04EC0-301F-11D3-BF4B-00C04F79EFBC}") = "WebUI", "WebUI\WebUI.csproj", "{18C037C9-9E2B-4682-B3E1-40A33C3BD2E5}"
EndProject
Global
	GlobalSection(SolutionConfigurationPlatforms) = preSolution
		Debug|Any CPU = Debug|Any CPU
		Release|Any CPU = Release|Any CPU
	EndGlobalSection
	GlobalSection(ProjectConfigurationPlatforms) = postSolution
		{D5C24314-1F26-475F-BBD0-721E78F00C42}.Debug|Any CPU.ActiveCfg = Debug|Any CPU
		{D5C24314-1F26-475F-BBD0-721E78F00C42}.Debug|Any CPU.Build.0 = Debug|Any CPU
		{D5C24314-1F26-475F-BBD0-721E78F00C42}.Release|Any CPU.ActiveCfg = Release|Any CPU
		{D5C24314-1F26-475F-BBD0-721E78F00C42}.Release|Any CPU.Build.0 = Release|Any CPU
		{11724842-5DD4-4AEA-B141-8AEB29F13009}.Debug|Any CPU.ActiveCfg = Debug|Any CPU
		{11724842-5DD4-4AEA-B141-8AEB29F13009}.Debug|Any CPU.Build.0 = Debug|Any CPU
		{11724842-5DD4-4AEA-B141-8AEB29F13009}.Release|Any CPU.ActiveCfg = Release|Any CPU
		{11724842-5DD4-4AEA-B141-8AEB29F13009}.Release|Any CPU.Build.0 = Release|Any CPU
		{18C037C9-9E2B-4682-B3E1-40A33C3BD2E5}.Debug|Any CPU.ActiveCfg = Debug|Any CPU
		{18C037C9-9E2B-4682-B3E1-40A33C3BD2E5}.Debug|Any CPU.Build.0 = Debug|Any CPU
		{18C037C9-9E2B-4682-B3E1-40A33C3BD2E5}.Release|Any CPU.ActiveCfg = Release|Any CPU
		{18C037C9-9E2B-4682-B3E1-40A33C3BD2E5}.Release|Any CPU.Build.0 = Release|Any CPU
	EndGlobalSection
	GlobalSection(SolutionProperties) = preSolution
		HideSolutionNode = FALSE
	EndGlobalSection
	GlobalSection(ExtensibilityGlobals) = postSolution
		SolutionGuid = {0FDA32A8-BAB4-4471-AA21-15DDA4FFE477}
	EndGlobalSection
EndGlobal
